// !$*UTF8*$!
{
	archiveVersion = 1;
	classes = {
	};
	objectVersion = 63;
	objects = {

/* Begin PBXBuildFile section */
		05EB5C02E61E091E32894CA2 /* MainTabView.swift in Sources */ = {isa = PBXBuildFile; fileRef = EE97F560A4F16B7B90ADA35A /* MainTabView.swift */; };
		092F569E6C30B77D6BD3DBBB /* Constants.swift in Sources */ = {isa = PBXBuildFile; fileRef = 0F741B4E8963C3E307307948 /* Constants.swift */; };
		0A30DBFE0D7B8FF382E1AEF7 /* ExerciseSet.swift in Sources */ = {isa = PBXBuildFile; fileRef = 2CBAA732B82289EBA911382C /* ExerciseSet.swift */; };
		131C84E4E27E48E7FE5F4FE5 /* LaunchScreen.swift in Sources */ = {isa = PBXBuildFile; fileRef = D02CDB4F0288E03D485A3BD2 /* LaunchScreen.swift */; };
		138AFEB87E7BE2BA58158DBF /* ColorTheme.swift in Sources */ = {isa = PBXBuildFile; fileRef = 66DA05C69FDC261FC9358D04 /* ColorTheme.swift */; };
		14981AF2CD4558C2098CF782 /* BodyPartExercisesView.swift in Sources */ = {isa = PBXBuildFile; fileRef = F66E5A0545303FC81C295F26 /* BodyPartExercisesView.swift */; };
		17EF9C9DA556122F4C6928F7 /* MuscleExercisesView.swift in Sources */ = {isa = PBXBuildFile; fileRef = CC2C15A4D8F442571741552E /* MuscleExercisesView.swift */; };
		198E61CA2EECE5D60021AC65 /* Outfit-Bold.ttf in Resources */ = {isa = PBXBuildFile; fileRef = 198E61C52EECE5D60021AC65 /* Outfit-Bold.ttf */; };
		198E61CB2EECE5D60021AC65 /* Outfit-Medium.ttf in Resources */ = {isa = PBXBuildFile; fileRef = 198E61C62EECE5D60021AC65 /* Outfit-Medium.ttf */; };
		198E61CC2EECE5D60021AC65 /* Outfit-Regular.ttf in Resources */ = {isa = PBXBuildFile; fileRef = 198E61C72EECE5D60021AC65 /* Outfit-Regular.ttf */; };
		198E61CD2EECE5D60021AC65 /* Outfit-SemiBold.ttf in Resources */ = {isa = PBXBuildFile; fileRef = 198E61C82EECE5D60021AC65 /* Outfit-SemiBold.ttf */; };
		198E61D12EEDE4740021AC65 /* FontManager.swift in Sources */ = {isa = PBXBuildFile; fileRef = 198E61D02EEDE4740021AC65 /* FontManager.swift */; };
		22DD8BBEE5FB9F0E541F68C0 /* UserProfile.swift in Sources */ = {isa = PBXBuildFile; fileRef = C76253E327ED34A9E2EEDBB0 /* UserProfile.swift */; };
		250560563AED438BE63DCA2A /* CustomWorkoutDay.swift in Sources */ = {isa = PBXBuildFile; fileRef = 5A31A169D88A5771F03803E8 /* CustomWorkoutDay.swift */; };
		2659C106BB3E06F23B7828CF /* Assets.xcassets in Resources */ = {isa = PBXBuildFile; fileRef = CDD9BF281AB3859C3C38E6DA /* Assets.xcassets */; };
		29705DC68F5BB83987AA720D /* HistoryView.swift in Sources */ = {isa = PBXBuildFile; fileRef = 8AF36963E2D978A12A173DF4 /* HistoryView.swift */; };
		2A43B9A50869D75D6DAB7737 /* WorkoutTabView.swift in Sources */ = {isa = PBXBuildFile; fileRef = E71BC220DA936DF63603BE95 /* WorkoutTabView.swift */; };
		3EE0B1B1DC6578A60732E55D /* RestTimerView.swift in Sources */ = {isa = PBXBuildFile; fileRef = B128781CBDF1A43CE2D7F254 /* RestTimerView.swift */; };
		42C987D68AC63D776E4C0D2F /* SetInputSheet.swift in Sources */ = {isa = PBXBuildFile; fileRef = CE58C7985B522881732C1890 /* SetInputSheet.swift */; };
		43BB26DEB705AB7451644291 /* WorkoutLog.swift in Sources */ = {isa = PBXBuildFile; fileRef = F2B3CF9B2F8654C3DE6DE58F /* WorkoutLog.swift */; };
		48520654FE5298358BF33A82 /* gymbaazi.xcodeproj in Resources */ = {isa = PBXBuildFile; fileRef = 987C4F28C84E721489D6F8CD /* gymbaazi.xcodeproj */; };
		4914B78882257945523F4760 /* FormattingExtensions.swift in Sources */ = {isa = PBXBuildFile; fileRef = 3844580F8FBF10A984B5FD7C /* FormattingExtensions.swift */; };
		585BE0265B29A19687BCE2A9 /* WorkoutScheduler.swift in Sources */ = {isa = PBXBuildFile; fileRef = E52BC0F92F5DA8D1189791D9 /* WorkoutScheduler.swift */; };
		64B120664B497233D0F31C86 /* NetworkError.swift in Sources */ = {isa = PBXBuildFile; fileRef = 8DBF28F25FB813FE0D2E4EED /* NetworkError.swift */; };
		68DCEFAE1BF271ADA8D35D46 /* ExerciseDetailModal.swift in Sources */ = {isa = PBXBuildFile; fileRef = 7C5A2DBE9DA868E899C24E58 /* ExerciseDetailModal.swift */; };
		6F804DC1D3F2D656452FC715 /* RateLimiter.swift in Sources */ = {isa = PBXBuildFile; fileRef = F621CCFADFA5F0BCB0E0EF69 /* RateLimiter.swift */; };
		70A74D65DC81E65D411CBDC3 /* HomeView.swift in Sources */ = {isa = PBXBuildFile; fileRef = 944AFD0C6236AE456573BEB9 /* HomeView.swift */; };
		73B0C5330508F4FF628A19AA /* ExerciseLibraryView.swift in Sources */ = {isa = PBXBuildFile; fileRef = 79BEF9633A966234AD940A43 /* ExerciseLibraryView.swift */; };
		76487BC8386782337B8F8310 /* WorkoutTemplates.swift in Sources */ = {isa = PBXBuildFile; fileRef = 2ACF17270525F057D7115413 /* WorkoutTemplates.swift */; };
		82FBCE8EA3920C5010DE51A9 /* ExerciseGifPlayer.swift in Sources */ = {isa = PBXBuildFile; fileRef = 73C9AD7FCB698625F4E10EB1 /* ExerciseGifPlayer.swift */; };
		83D262441C40EF7D8BD7024E /* ExerciseSessionCard.swift in Sources */ = {isa = PBXBuildFile; fileRef = 0362C83E59F146A29380DB61 /* ExerciseSessionCard.swift */; };
		875DC2D610C8028C41D0FDA9 /* ExerciseDBService.swift in Sources */ = {isa = PBXBuildFile; fileRef = C9ED3EC7D77459E92D0861FA /* ExerciseDBService.swift */; };
		8D5F7EC7B88DE02557CC9EDF /* QuoteService.swift in Sources */ = {isa = PBXBuildFile; fileRef = 4FC6F1D7B8548A752C6DAD6D /* QuoteService.swift */; };
		8E0CE080ED731779FD407323 /* Exercise.swift in Sources */ = {isa = PBXBuildFile; fileRef = 31253626E5BFB98F09720390 /* Exercise.swift */; };
		95FD2361178145BB8E1232DF /* FormValidation.swift in Sources */ = {isa = PBXBuildFile; fileRef = 9EAD91F0D677B55FE18B2823 /* FormValidation.swift */; };
		9BB853F106521765575C9D95 /* HapticService.swift in Sources */ = {isa = PBXBuildFile; fileRef = 63B1E602BB806BC5EE70C82A /* HapticService.swift */; };
		A2077FAE1A97339B3F17D95D /* ErrorView.swift in Sources */ = {isa = PBXBuildFile; fileRef = F1233FB8497FCCCA4AE85462 /* ErrorView.swift */; };
		A36AB3C393DDFB81B7D8F9F9 /* ContentView.swift in Sources */ = {isa = PBXBuildFile; fileRef = 56C1A0BE3035A3D046E666AB /* ContentView.swift */; };
		A8FB76285DE16D166BCCDD54 /* WorkoutSessionView.swift in Sources */ = {isa = PBXBuildFile; fileRef = 15F11C845075E0E9E6857302 /* WorkoutSessionView.swift */; };
		B7D7E4A87557AD851D162B41 /* ProfileView.swift in Sources */ = {isa = PBXBuildFile; fileRef = 979E4D3DADDA8B5C75114782 /* ProfileView.swift */; };
		B7D839C707519726975433EB /* WorkoutSessionViewModel.swift in Sources */ = {isa = PBXBuildFile; fileRef = 25D5D1B5751CA8F28457751C /* WorkoutSessionViewModel.swift */; };
		BACE1798CE5ED0AECBF6CD96 /* OnboardingView.swift in Sources */ = {isa = PBXBuildFile; fileRef = 01A1120BE0EEF9FB14FF178A /* OnboardingView.swift */; };
		C5C6A2A05CB14B7ACC292FED /* CacheService.swift in Sources */ = {isa = PBXBuildFile; fileRef = C4E48EA997ECE52C35C03804 /* CacheService.swift */; };
		CD77972F25020EADA283CED6 /* ValidationModifier.swift in Sources */ = {isa = PBXBuildFile; fileRef = 056D7758B525D4B82FA2B14D /* ValidationModifier.swift */; };
		CEC1A65A595E60EA22D8CC79 /* WorkoutHeaderCard.swift in Sources */ = {isa = PBXBuildFile; fileRef = 8D4AD7F683928FB8BFF97820 /* WorkoutHeaderCard.swift */; };
		CEFAB9552CDFD7DA3C41612B /* DefaultWorkoutData.swift in Sources */ = {isa = PBXBuildFile; fileRef = 8F38188CC815D45042A3AFF5 /* DefaultWorkoutData.swift */; };
		D28DDB29A3E6FD9D7ED87473 /* DayEditorView.swift in Sources */ = {isa = PBXBuildFile; fileRef = 1F35EDA500EE3AA8830134B0 /* DayEditorView.swift */; };
		D33699C144C1FED23F77086E /* GymBaaziApp.swift in Sources */ = {isa = PBXBuildFile; fileRef = A09FCE552D115FC990DFC766 /* GymBaaziApp.swift */; };
		D944645E557C375499C694CE /* AppState.swift in Sources */ = {isa = PBXBuildFile; fileRef = 62F6DC217BC4C947AFEEA404 /* AppState.swift */; };
		EE9188C9064451AE5909E0BC /* MuscleBadge.swift in Sources */ = {isa = PBXBuildFile; fileRef = EC6DBD10D5560FEA18EAF957 /* MuscleBadge.swift */; };
		F0E7AB6C38F97D1369352F29 /* WorkoutRoutine.swift in Sources */ = {isa = PBXBuildFile; fileRef = 15CDBF392DE4BFD6992917A7 /* WorkoutRoutine.swift */; };
		F2C078AE075225E25DA18855 /* StorageService.swift in Sources */ = {isa = PBXBuildFile; fileRef = 6065F93650C5EA7C5C020068 /* StorageService.swift */; };
		F38727A09FC41EA4C4DBC909 /* LaunchScreen.storyboard in Resources */ = {isa = PBXBuildFile; fileRef = F3178F70980C66472E538EDB /* LaunchScreen.storyboard */; };
		F96D176306D011AE6E1DFBE1 /* ExerciseDBModels.swift in Sources */ = {isa = PBXBuildFile; fileRef = 64EEEE192170EBC0BBAC0E10 /* ExerciseDBModels.swift */; };
		AABB1122334455660001 /* WeightUnit.swift in Sources */ = {isa = PBXBuildFile; fileRef = AABB1122334455660002 /* WeightUnit.swift */; };
		AABB1122334455660003 /* UnitsStepView.swift in Sources */ = {isa = PBXBuildFile; fileRef = AABB1122334455660004 /* UnitsStepView.swift */; };
		AABB1122334455660005 /* NotificationsStepView.swift in Sources */ = {isa = PBXBuildFile; fileRef = AABB1122334455660006 /* NotificationsStepView.swift */; };
		AABB1122334455660007 /* OnboardingBottomSheets.swift in Sources */ = {isa = PBXBuildFile; fileRef = AABB1122334455660008 /* OnboardingBottomSheets.swift */; };
/* End PBXBuildFile section */

/* Begin PBXFileReference section */
		01A1120BE0EEF9FB14FF178A /* OnboardingView.swift */ = {isa = PBXFileReference; lastKnownFileType = sourcecode.swift; path = OnboardingView.swift; sourceTree = "<group>"; };
		0362C83E59F146A29380DB61 /* ExerciseSessionCard.swift */ = {isa = PBXFileReference; lastKnownFileType = sourcecode.swift; path = ExerciseSessionCard.swift; sourceTree = "<group>"; };
		056D7758B525D4B82FA2B14D /* ValidationModifier.swift */ = {isa = PBXFileReference; includeInIndex = 1; lastKnownFileType = sourcecode.swift; path = ValidationModifier.swift; sourceTree = "<group>"; };
		0F741B4E8963C3E307307948 /* Constants.swift */ = {isa = PBXFileReference; includeInIndex = 1; lastKnownFileType = sourcecode.swift; path = Constants.swift; sourceTree = "<group>"; };
		15CDBF392DE4BFD6992917A7 /* WorkoutRoutine.swift */ = {isa = PBXFileReference; lastKnownFileType = sourcecode.swift; path = WorkoutRoutine.swift; sourceTree = "<group>"; };
		15F11C845075E0E9E6857302 /* WorkoutSessionView.swift */ = {isa = PBXFileReference; lastKnownFileType = sourcecode.swift; path = WorkoutSessionView.swift; sourceTree = "<group>"; };
		198E61C52EECE5D60021AC65 /* Outfit-Bold.ttf */ = {isa = PBXFileReference; lastKnownFileType = file; path = "Outfit-Bold.ttf"; sourceTree = "<group>"; };
		198E61C62EECE5D60021AC65 /* Outfit-Medium.ttf */ = {isa = PBXFileReference; lastKnownFileType = file; path = "Outfit-Medium.ttf"; sourceTree = "<group>"; };
		198E61C72EECE5D60021AC65 /* Outfit-Regular.ttf */ = {isa = PBXFileReference; lastKnownFileType = file; path = "Outfit-Regular.ttf"; sourceTree = "<group>"; };
		198E61C82EECE5D60021AC65 /* Outfit-SemiBold.ttf */ = {isa = PBXFileReference; lastKnownFileType = file; path = "Outfit-SemiBold.ttf"; sourceTree = "<group>"; };
		198E61CE2EECE6850021AC65 /* Info.plist */ = {isa = PBXFileReference; lastKnownFileType = text.plist; path = Info.plist; sourceTree = "<group>"; };
		198E61D02EEDE4740021AC65 /* FontManager.swift */ = {isa = PBXFileReference; lastKnownFileType = sourcecode.swift; path = FontManager.swift; sourceTree = "<group>"; };
		1F35EDA500EE3AA8830134B0 /* DayEditorView.swift */ = {isa = PBXFileReference; lastKnownFileType = sourcecode.swift; path = DayEditorView.swift; sourceTree = "<group>"; };
		25D5D1B5751CA8F28457751C /* WorkoutSessionViewModel.swift */ = {isa = PBXFileReference; lastKnownFileType = sourcecode.swift; path = WorkoutSessionViewModel.swift; sourceTree = "<group>"; };
		2ACF17270525F057D7115413 /* WorkoutTemplates.swift */ = {isa = PBXFileReference; lastKnownFileType = sourcecode.swift; path = WorkoutTemplates.swift; sourceTree = "<group>"; };
		2CBAA732B82289EBA911382C /* ExerciseSet.swift */ = {isa = PBXFileReference; lastKnownFileType = sourcecode.swift; path = ExerciseSet.swift; sourceTree = "<group>"; };
		31253626E5BFB98F09720390 /* Exercise.swift */ = {isa = PBXFileReference; lastKnownFileType = sourcecode.swift; path = Exercise.swift; sourceTree = "<group>"; };
		3844580F8FBF10A984B5FD7C /* FormattingExtensions.swift */ = {isa = PBXFileReference; includeInIndex = 1; lastKnownFileType = sourcecode.swift; path = FormattingExtensions.swift; sourceTree = "<group>"; };
		3905DDDE45520BB908E1F5BE /* GymBaazi.app */ = {isa = PBXFileReference; explicitFileType = wrapper.application; includeInIndex = 0; path = GymBaazi.app; sourceTree = BUILT_PRODUCTS_DIR; };
		4FC6F1D7B8548A752C6DAD6D /* QuoteService.swift */ = {isa = PBXFileReference; lastKnownFileType = sourcecode.swift; path = QuoteService.swift; sourceTree = "<group>"; };
		56C1A0BE3035A3D046E666AB /* ContentView.swift */ = {isa = PBXFileReference; lastKnownFileType = sourcecode.swift; path = ContentView.swift; sourceTree = "<group>"; };
		5A31A169D88A5771F03803E8 /* CustomWorkoutDay.swift */ = {isa = PBXFileReference; lastKnownFileType = sourcecode.swift; path = CustomWorkoutDay.swift; sourceTree = "<group>"; };
		6065F93650C5EA7C5C020068 /* StorageService.swift */ = {isa = PBXFileReference; lastKnownFileType = sourcecode.swift; path = StorageService.swift; sourceTree = "<group>"; };
		62F6DC217BC4C947AFEEA404 /* AppState.swift */ = {isa = PBXFileReference; lastKnownFileType = sourcecode.swift; path = AppState.swift; sourceTree = "<group>"; };
		63B1E602BB806BC5EE70C82A /* HapticService.swift */ = {isa = PBXFileReference; lastKnownFileType = sourcecode.swift; path = HapticService.swift; sourceTree = "<group>"; };
		64EEEE192170EBC0BBAC0E10 /* ExerciseDBModels.swift */ = {isa = PBXFileReference; includeInIndex = 1; lastKnownFileType = sourcecode.swift; path = ExerciseDBModels.swift; sourceTree = "<group>"; };
		66DA05C69FDC261FC9358D04 /* ColorTheme.swift */ = {isa = PBXFileReference; lastKnownFileType = sourcecode.swift; path = ColorTheme.swift; sourceTree = "<group>"; };
		73C9AD7FCB698625F4E10EB1 /* ExerciseGifPlayer.swift */ = {isa = PBXFileReference; includeInIndex = 1; lastKnownFileType = sourcecode.swift; path = ExerciseGifPlayer.swift; sourceTree = "<group>"; };
		79BEF9633A966234AD940A43 /* ExerciseLibraryView.swift */ = {isa = PBXFileReference; lastKnownFileType = sourcecode.swift; path = ExerciseLibraryView.swift; sourceTree = "<group>"; };
		7C5A2DBE9DA868E899C24E58 /* ExerciseDetailModal.swift */ = {isa = PBXFileReference; includeInIndex = 1; lastKnownFileType = sourcecode.swift; path = ExerciseDetailModal.swift; sourceTree = "<group>"; };
		8AF36963E2D978A12A173DF4 /* HistoryView.swift */ = {isa = PBXFileReference; lastKnownFileType = sourcecode.swift; path = HistoryView.swift; sourceTree = "<group>"; };
		8D4AD7F683928FB8BFF97820 /* WorkoutHeaderCard.swift */ = {isa = PBXFileReference; lastKnownFileType = sourcecode.swift; path = WorkoutHeaderCard.swift; sourceTree = "<group>"; };
		8DBF28F25FB813FE0D2E4EED /* NetworkError.swift */ = {isa = PBXFileReference; includeInIndex = 1; lastKnownFileType = sourcecode.swift; path = NetworkError.swift; sourceTree = "<group>"; };
		8F38188CC815D45042A3AFF5 /* DefaultWorkoutData.swift */ = {isa = PBXFileReference; lastKnownFileType = sourcecode.swift; path = DefaultWorkoutData.swift; sourceTree = "<group>"; };
		944AFD0C6236AE456573BEB9 /* HomeView.swift */ = {isa = PBXFileReference; lastKnownFileType = sourcecode.swift; path = HomeView.swift; sourceTree = "<group>"; };
		979E4D3DADDA8B5C75114782 /* ProfileView.swift */ = {isa = PBXFileReference; lastKnownFileType = sourcecode.swift; path = ProfileView.swift; sourceTree = "<group>"; };
		987C4F28C84E721489D6F8CD /* gymbaazi.xcodeproj */ = {isa = PBXFileReference; lastKnownFileType = "wrapper.pb-project"; path = gymbaazi.xcodeproj; sourceTree = "<group>"; };
		9EAD91F0D677B55FE18B2823 /* FormValidation.swift */ = {isa = PBXFileReference; includeInIndex = 1; lastKnownFileType = sourcecode.swift; path = FormValidation.swift; sourceTree = "<group>"; };
		A09FCE552D115FC990DFC766 /* GymBaaziApp.swift */ = {isa = PBXFileReference; lastKnownFileType = sourcecode.swift; path = GymBaaziApp.swift; sourceTree = "<group>"; };
		B128781CBDF1A43CE2D7F254 /* RestTimerView.swift */ = {isa = PBXFileReference; lastKnownFileType = sourcecode.swift; path = RestTimerView.swift; sourceTree = "<group>"; };
		C4E48EA997ECE52C35C03804 /* CacheService.swift */ = {isa = PBXFileReference; includeInIndex = 1; lastKnownFileType = sourcecode.swift; path = CacheService.swift; sourceTree = "<group>"; };
		C76253E327ED34A9E2EEDBB0 /* UserProfile.swift */ = {isa = PBXFileReference; lastKnownFileType = sourcecode.swift; path = UserProfile.swift; sourceTree = "<group>"; };
		C9ED3EC7D77459E92D0861FA /* ExerciseDBService.swift */ = {isa = PBXFileReference; includeInIndex = 1; lastKnownFileType = sourcecode.swift; path = ExerciseDBService.swift; sourceTree = "<group>"; };
		CC2C15A4D8F442571741552E /* MuscleExercisesView.swift */ = {isa = PBXFileReference; lastKnownFileType = sourcecode.swift; path = MuscleExercisesView.swift; sourceTree = "<group>"; };
		CDD9BF281AB3859C3C38E6DA /* Assets.xcassets */ = {isa = PBXFileReference; lastKnownFileType = folder.assetcatalog; path = Assets.xcassets; sourceTree = "<group>"; };
		CE58C7985B522881732C1890 /* SetInputSheet.swift */ = {isa = PBXFileReference; lastKnownFileType = sourcecode.swift; path = SetInputSheet.swift; sourceTree = "<group>"; };
		D02CDB4F0288E03D485A3BD2 /* LaunchScreen.swift */ = {isa = PBXFileReference; lastKnownFileType = sourcecode.swift; path = LaunchScreen.swift; sourceTree = "<group>"; };
		E52BC0F92F5DA8D1189791D9 /* WorkoutScheduler.swift */ = {isa = PBXFileReference; lastKnownFileType = sourcecode.swift; path = WorkoutScheduler.swift; sourceTree = "<group>"; };
		E71BC220DA936DF63603BE95 /* WorkoutTabView.swift */ = {isa = PBXFileReference; lastKnownFileType = sourcecode.swift; path = WorkoutTabView.swift; sourceTree = "<group>"; };
		EC6DBD10D5560FEA18EAF957 /* MuscleBadge.swift */ = {isa = PBXFileReference; lastKnownFileType = sourcecode.swift; path = MuscleBadge.swift; sourceTree = "<group>"; };
		EE97F560A4F16B7B90ADA35A /* MainTabView.swift */ = {isa = PBXFileReference; lastKnownFileType = sourcecode.swift; path = MainTabView.swift; sourceTree = "<group>"; };
		F1233FB8497FCCCA4AE85462 /* ErrorView.swift */ = {isa = PBXFileReference; includeInIndex = 1; lastKnownFileType = sourcecode.swift; path = ErrorView.swift; sourceTree = "<group>"; };
		F2B3CF9B2F8654C3DE6DE58F /* WorkoutLog.swift */ = {isa = PBXFileReference; lastKnownFileType = sourcecode.swift; path = WorkoutLog.swift; sourceTree = "<group>"; };
		F3178F70980C66472E538EDB /* LaunchScreen.storyboard */ = {isa = PBXFileReference; lastKnownFileType = file.storyboard; path = LaunchScreen.storyboard; sourceTree = "<group>"; };
		F621CCFADFA5F0BCB0E0EF69 /* RateLimiter.swift */ = {isa = PBXFileReference; includeInIndex = 1; lastKnownFileType = sourcecode.swift; path = RateLimiter.swift; sourceTree = "<group>"; };
		F66E5A0545303FC81C295F26 /* BodyPartExercisesView.swift */ = {isa = PBXFileReference; includeInIndex = 1; lastKnownFileType = sourcecode.swift; path = BodyPartExercisesView.swift; sourceTree = "<group>"; };
		AABB1122334455660002 /* WeightUnit.swift */ = {isa = PBXFileReference; lastKnownFileType = sourcecode.swift; path = WeightUnit.swift; sourceTree = "<group>"; };
		AABB1122334455660004 /* UnitsStepView.swift */ = {isa = PBXFileReference; lastKnownFileType = sourcecode.swift; path = UnitsStepView.swift; sourceTree = "<group>"; };
		AABB1122334455660006 /* NotificationsStepView.swift */ = {isa = PBXFileReference; lastKnownFileType = sourcecode.swift; path = NotificationsStepView.swift; sourceTree = "<group>"; };
		AABB1122334455660008 /* OnboardingBottomSheets.swift */ = {isa = PBXFileReference; lastKnownFileType = sourcecode.swift; path = OnboardingBottomSheets.swift; sourceTree = "<group>"; };
/* End PBXFileReference section */

/* Begin PBXGroup section */
		10F95DCDC273CBFC892D3713 /* History */ = {
			isa = PBXGroup;
			children = (
				8AF36963E2D978A12A173DF4 /* HistoryView.swift */,
			);
			path = History;
			sourceTree = "<group>";
		};
		198E61A02EE8F8B50021AC65 /* Products */ = {
			isa = PBXGroup;
			children = (
			);
			name = Products;
			sourceTree = "<group>";
		};
		198E61C92EECE5D60021AC65 /* Fonts */ = {
			isa = PBXGroup;
			children = (
				198E61C52EECE5D60021AC65 /* Outfit-Bold.ttf */,
				198E61C62EECE5D60021AC65 /* Outfit-Medium.ttf */,
				198E61C72EECE5D60021AC65 /* Outfit-Regular.ttf */,
				198E61C82EECE5D60021AC65 /* Outfit-SemiBold.ttf */,
			);
			path = Fonts;
			sourceTree = "<group>";
		};
		29F6C61A80CAA7F8ACC730A1 /* Views */ = {
			isa = PBXGroup;
			children = (
				EE97F560A4F16B7B90ADA35A /* MainTabView.swift */,
				ED925A4F194EDED2B91D5525 /* Components */,
				10F95DCDC273CBFC892D3713 /* History */,
				65E4D33007BDC3B76979A940 /* Home */,
				E3AFB3D37DD7ADABF2C70150 /* Launch */,
				977D2D67FB773770B8F6B0C4 /* Library */,
				819188155713628922A5BBA7 /* Onboarding */,
				5EAABA0AB61D9BC8800B5417 /* Settings */,
				34949D1C150F25B16AEC0B6C /* Workout */,
			);
			path = Views;
			sourceTree = "<group>";
		};
		34949D1C150F25B16AEC0B6C /* Workout */ = {
			isa = PBXGroup;
			children = (
				1F35EDA500EE3AA8830134B0 /* DayEditorView.swift */,
				0362C83E59F146A29380DB61 /* ExerciseSessionCard.swift */,
				B128781CBDF1A43CE2D7F254 /* RestTimerView.swift */,
				CE58C7985B522881732C1890 /* SetInputSheet.swift */,
				15F11C845075E0E9E6857302 /* WorkoutSessionView.swift */,
				E71BC220DA936DF63603BE95 /* WorkoutTabView.swift */,
			);
			path = Workout;
			sourceTree = "<group>";
		};
		5EAABA0AB61D9BC8800B5417 /* Settings */ = {
			isa = PBXGroup;
			children = (
				979E4D3DADDA8B5C75114782 /* ProfileView.swift */,
			);
			path = Settings;
			sourceTree = "<group>";
		};
		65E4D33007BDC3B76979A940 /* Home */ = {
			isa = PBXGroup;
			children = (
				944AFD0C6236AE456573BEB9 /* HomeView.swift */,
			);
			path = Home;
			sourceTree = "<group>";
		};
		6C16A6BD2DB937366476421E /* Utilities */ = {
			isa = PBXGroup;
			children = (
				66DA05C69FDC261FC9358D04 /* ColorTheme.swift */,
				8F38188CC815D45042A3AFF5 /* DefaultWorkoutData.swift */,
				4FC6F1D7B8548A752C6DAD6D /* QuoteService.swift */,
				E52BC0F92F5DA8D1189791D9 /* WorkoutScheduler.swift */,
				2ACF17270525F057D7115413 /* WorkoutTemplates.swift */,
				0F741B4E8963C3E307307948 /* Constants.swift */,
				3844580F8FBF10A984B5FD7C /* FormattingExtensions.swift */,
				9EAD91F0D677B55FE18B2823 /* FormValidation.swift */,
				198E61D02EEDE4740021AC65 /* FontManager.swift */,
			);
			path = Utilities;
			sourceTree = "<group>";
		};
		819188155713628922A5BBA7 /* Onboarding */ = {
			isa = PBXGroup;
			children = (
				01A1120BE0EEF9FB14FF178A /* OnboardingView.swift */,
				AABB1122334455660004 /* UnitsStepView.swift */,
				AABB1122334455660006 /* NotificationsStepView.swift */,
				AABB1122334455660008 /* OnboardingBottomSheets.swift */,
			);
			path = Onboarding;
			sourceTree = "<group>";
		};
		88F1A5F208DCB7C96BAD9CB8 /* Models */ = {
			isa = PBXGroup;
			children = (
				5A31A169D88A5771F03803E8 /* CustomWorkoutDay.swift */,
				31253626E5BFB98F09720390 /* Exercise.swift */,
				2CBAA732B82289EBA911382C /* ExerciseSet.swift */,
				C76253E327ED34A9E2EEDBB0 /* UserProfile.swift */,
				AABB1122334455660002 /* WeightUnit.swift */,
				F2B3CF9B2F8654C3DE6DE58F /* WorkoutLog.swift */,
				15CDBF392DE4BFD6992917A7 /* WorkoutRoutine.swift */,
				8DBF28F25FB813FE0D2E4EED /* NetworkError.swift */,
				64EEEE192170EBC0BBAC0E10 /* ExerciseDBModels.swift */,
			);
			path = Models;
			sourceTree = "<group>";
		};
		8BDEAF40E5726C21AB99C63B = {
			isa = PBXGroup;
			children = (
				EE1F1A7C3256F8F56B635038 /* GymBaazi */,
				CC9E44708DE157377BF04327 /* Products */,
			);
			sourceTree = "<group>";
		};
		93C29B28CDF84D3FC617B21F /* ViewModels */ = {
			isa = PBXGroup;
			children = (
				62F6DC217BC4C947AFEEA404 /* AppState.swift */,
				25D5D1B5751CA8F28457751C /* WorkoutSessionViewModel.swift */,
			);
			path = ViewModels;
			sourceTree = "<group>";
		};
		977D2D67FB773770B8F6B0C4 /* Library */ = {
			isa = PBXGroup;
			children = (
				79BEF9633A966234AD940A43 /* ExerciseLibraryView.swift */,
				CC2C15A4D8F442571741552E /* MuscleExercisesView.swift */,
				F66E5A0545303FC81C295F26 /* BodyPartExercisesView.swift */,
				7C5A2DBE9DA868E899C24E58 /* ExerciseDetailModal.swift */,
			);
			path = Library;
			sourceTree = "<group>";
		};
		AA0A8BA887092BCE4A13C375 /* App */ = {
			isa = PBXGroup;
			children = (
				56C1A0BE3035A3D046E666AB /* ContentView.swift */,
				A09FCE552D115FC990DFC766 /* GymBaaziApp.swift */,
			);
			path = App;
			sourceTree = "<group>";
		};
		B0B86FD113CFE591B8AFEC06 /* gymbaazi */ = {
			isa = PBXGroup;
			children = (
				987C4F28C84E721489D6F8CD /* gymbaazi.xcodeproj */,
			);
			path = gymbaazi;
			sourceTree = "<group>";
		};
		CC9E44708DE157377BF04327 /* Products */ = {
			isa = PBXGroup;
			children = (
				3905DDDE45520BB908E1F5BE /* GymBaazi.app */,
			);
			name = Products;
			sourceTree = "<group>";
		};
		DF90D8CF7EEB45BC2D41EC40 /* Services */ = {
			isa = PBXGroup;
			children = (
				63B1E602BB806BC5EE70C82A /* HapticService.swift */,
				6065F93650C5EA7C5C020068 /* StorageService.swift */,
				C4E48EA997ECE52C35C03804 /* CacheService.swift */,
				F621CCFADFA5F0BCB0E0EF69 /* RateLimiter.swift */,
				C9ED3EC7D77459E92D0861FA /* ExerciseDBService.swift */,
			);
			path = Services;
			sourceTree = "<group>";
		};
		E3AFB3D37DD7ADABF2C70150 /* Launch */ = {
			isa = PBXGroup;
			children = (
				D02CDB4F0288E03D485A3BD2 /* LaunchScreen.swift */,
			);
			path = Launch;
			sourceTree = "<group>";
		};
		ED925A4F194EDED2B91D5525 /* Components */ = {
			isa = PBXGroup;
			children = (
				EC6DBD10D5560FEA18EAF957 /* MuscleBadge.swift */,
				8D4AD7F683928FB8BFF97820 /* WorkoutHeaderCard.swift */,
				F1233FB8497FCCCA4AE85462 /* ErrorView.swift */,
				056D7758B525D4B82FA2B14D /* ValidationModifier.swift */,
				73C9AD7FCB698625F4E10EB1 /* ExerciseGifPlayer.swift */,
			);
			path = Components;
			sourceTree = "<group>";
		};
		EE1F1A7C3256F8F56B635038 /* GymBaazi */ = {
			isa = PBXGroup;
			children = (
				198E61CE2EECE6850021AC65 /* Info.plist */,
				CDD9BF281AB3859C3C38E6DA /* Assets.xcassets */,
				F3178F70980C66472E538EDB /* LaunchScreen.storyboard */,
				AA0A8BA887092BCE4A13C375 /* App */,
				B0B86FD113CFE591B8AFEC06 /* gymbaazi */,
				88F1A5F208DCB7C96BAD9CB8 /* Models */,
				DF90D8CF7EEB45BC2D41EC40 /* Services */,
				6C16A6BD2DB937366476421E /* Utilities */,
				93C29B28CDF84D3FC617B21F /* ViewModels */,
				29F6C61A80CAA7F8ACC730A1 /* Views */,
				198E61C92EECE5D60021AC65 /* Fonts */,
			);
			path = GymBaazi;
			sourceTree = "<group>";
		};
/* End PBXGroup section */

/* Begin PBXNativeTarget section */
		C18E94AB5E7030AE3851188E /* GymBaazi */ = {
			isa = PBXNativeTarget;
			buildConfigurationList = A2702C828FF5FA773FEDAAE5 /* Build configuration list for PBXNativeTarget "GymBaazi" */;
			buildPhases = (
				F79E6592092BC0097059A8DF /* Sources */,
				EED29A319512D896106BA8C7 /* Resources */,
			);
			buildRules = (
			);
			dependencies = (
			);
			name = GymBaazi;
			productName = GymBaazi;
			productReference = 3905DDDE45520BB908E1F5BE /* GymBaazi.app */;
			productType = "com.apple.product-type.application";
		};
/* End PBXNativeTarget section */

/* Begin PBXProject section */
		1EA031D8A93C42C3ED81D34E /* Project object */ = {
			isa = PBXProject;
			attributes = {
				BuildIndependentTargetsInParallel = YES;
				LastUpgradeCheck = 1500;
				TargetAttributes = {
					C18E94AB5E7030AE3851188E = {
						ProvisioningStyle = Automatic;
					};
				};
			};
			buildConfigurationList = 32BA84E38CCF570F0E692B71 /* Build configuration list for PBXProject "GymBaazi" */;
			compatibilityVersion = "Xcode 14.0";
			developmentRegion = en;
			hasScannedForEncodings = 0;
			knownRegions = (
				Base,
				en,
			);
			mainGroup = 8BDEAF40E5726C21AB99C63B;
			minimizedProjectReferenceProxies = 1;
			productRefGroup = CC9E44708DE157377BF04327 /* Products */;
			projectDirPath = "";
			projectReferences = (
				{
					ProductGroup = 198E61A02EE8F8B50021AC65 /* Products */;
					ProjectRef = 987C4F28C84E721489D6F8CD /* gymbaazi.xcodeproj */;
				},
			);
			projectRoot = "";
			targets = (
				C18E94AB5E7030AE3851188E /* GymBaazi */,
			);
		};
/* End PBXProject section */

/* Begin PBXResourcesBuildPhase section */
		EED29A319512D896106BA8C7 /* Resources */ = {
			isa = PBXResourcesBuildPhase;
			buildActionMask = 2147483647;
			files = (
				198E61CA2EECE5D60021AC65 /* Outfit-Bold.ttf in Resources */,
				198E61CB2EECE5D60021AC65 /* Outfit-Medium.ttf in Resources */,
				198E61CC2EECE5D60021AC65 /* Outfit-Regular.ttf in Resources */,
				198E61CD2EECE5D60021AC65 /* Outfit-SemiBold.ttf in Resources */,
				2659C106BB3E06F23B7828CF /* Assets.xcassets in Resources */,
				F38727A09FC41EA4C4DBC909 /* LaunchScreen.storyboard in Resources */,
				48520654FE5298358BF33A82 /* gymbaazi.xcodeproj in Resources */,
			);
			runOnlyForDeploymentPostprocessing = 0;
		};
/* End PBXResourcesBuildPhase section */

/* Begin PBXSourcesBuildPhase section */
		F79E6592092BC0097059A8DF /* Sources */ = {
			isa = PBXSourcesBuildPhase;
			buildActionMask = 2147483647;
			files = (
				D944645E557C375499C694CE /* AppState.swift in Sources */,
				138AFEB87E7BE2BA58158DBF /* ColorTheme.swift in Sources */,
				A36AB3C393DDFB81B7D8F9F9 /* ContentView.swift in Sources */,
				250560563AED438BE63DCA2A /* CustomWorkoutDay.swift in Sources */,
				D28DDB29A3E6FD9D7ED87473 /* DayEditorView.swift in Sources */,
				CEFAB9552CDFD7DA3C41612B /* DefaultWorkoutData.swift in Sources */,
				8E0CE080ED731779FD407323 /* Exercise.swift in Sources */,
				73B0C5330508F4FF628A19AA /* ExerciseLibraryView.swift in Sources */,
				83D262441C40EF7D8BD7024E /* ExerciseSessionCard.swift in Sources */,
				0A30DBFE0D7B8FF382E1AEF7 /* ExerciseSet.swift in Sources */,
				D33699C144C1FED23F77086E /* GymBaaziApp.swift in Sources */,
				9BB853F106521765575C9D95 /* HapticService.swift in Sources */,
				29705DC68F5BB83987AA720D /* HistoryView.swift in Sources */,
				70A74D65DC81E65D411CBDC3 /* HomeView.swift in Sources */,
				131C84E4E27E48E7FE5F4FE5 /* LaunchScreen.swift in Sources */,
				05EB5C02E61E091E32894CA2 /* MainTabView.swift in Sources */,
				EE9188C9064451AE5909E0BC /* MuscleBadge.swift in Sources */,
				17EF9C9DA556122F4C6928F7 /* MuscleExercisesView.swift in Sources */,
				BACE1798CE5ED0AECBF6CD96 /* OnboardingView.swift in Sources */,
				B7D7E4A87557AD851D162B41 /* ProfileView.swift in Sources */,
				8D5F7EC7B88DE02557CC9EDF /* QuoteService.swift in Sources */,
				3EE0B1B1DC6578A60732E55D /* RestTimerView.swift in Sources */,
				42C987D68AC63D776E4C0D2F /* SetInputSheet.swift in Sources */,
				F2C078AE075225E25DA18855 /* StorageService.swift in Sources */,
				22DD8BBEE5FB9F0E541F68C0 /* UserProfile.swift in Sources */,
				CEC1A65A595E60EA22D8CC79 /* WorkoutHeaderCard.swift in Sources */,
				43BB26DEB705AB7451644291 /* WorkoutLog.swift in Sources */,
				198E61D12EEDE4740021AC65 /* FontManager.swift in Sources */,
				F0E7AB6C38F97D1369352F29 /* WorkoutRoutine.swift in Sources */,
				585BE0265B29A19687BCE2A9 /* WorkoutScheduler.swift in Sources */,
				A8FB76285DE16D166BCCDD54 /* WorkoutSessionView.swift in Sources */,
				B7D839C707519726975433EB /* WorkoutSessionViewModel.swift in Sources */,
				2A43B9A50869D75D6DAB7737 /* WorkoutTabView.swift in Sources */,
				76487BC8386782337B8F8310 /* WorkoutTemplates.swift in Sources */,
				092F569E6C30B77D6BD3DBBB /* Constants.swift in Sources */,
				4914B78882257945523F4760 /* FormattingExtensions.swift in Sources */,
				95FD2361178145BB8E1232DF /* FormValidation.swift in Sources */,
				C5C6A2A05CB14B7ACC292FED /* CacheService.swift in Sources */,
				6F804DC1D3F2D656452FC715 /* RateLimiter.swift in Sources */,
				64B120664B497233D0F31C86 /* NetworkError.swift in Sources */,
				A2077FAE1A97339B3F17D95D /* ErrorView.swift in Sources */,
				CD77972F25020EADA283CED6 /* ValidationModifier.swift in Sources */,
				F96D176306D011AE6E1DFBE1 /* ExerciseDBModels.swift in Sources */,
				875DC2D610C8028C41D0FDA9 /* ExerciseDBService.swift in Sources */,
				82FBCE8EA3920C5010DE51A9 /* ExerciseGifPlayer.swift in Sources */,
				14981AF2CD4558C2098CF782 /* BodyPartExercisesView.swift in Sources */,
				68DCEFAE1BF271ADA8D35D46 /* ExerciseDetailModal.swift in Sources */,
				AABB1122334455660001 /* WeightUnit.swift in Sources */,
				AABB1122334455660003 /* UnitsStepView.swift in Sources */,
				AABB1122334455660005 /* NotificationsStepView.swift in Sources */,
				AABB1122334455660007 /* OnboardingBottomSheets.swift in Sources */,
			);
			runOnlyForDeploymentPostprocessing = 0;
		};
/* End PBXSourcesBuildPhase section */

/* Begin XCBuildConfiguration section */
		009C0CB0DE4EC8D0EEB1DD0F /* Release */ = {
			isa = XCBuildConfiguration;
			buildSettings = {
				ASSETCATALOG_COMPILER_APPICON_NAME = AppIcon;
				ASSETCATALOG_COMPILER_GLOBAL_ACCENT_COLOR_NAME = AccentColor;
				CODE_SIGN_IDENTITY = "iPhone Developer";
				CURRENT_PROJECT_VERSION = 2;
				DEVELOPMENT_TEAM = NYTQ72PV9X;
				GENERATE_INFOPLIST_FILE = YES;
				INFOPLIST_FILE = GymBaazi/Info.plist;
				INFOPLIST_GENERATION_MODE = GeneratedFile;
				INFOPLIST_KEY_CFBundleDisplayName = "Gym-Baazi";
				INFOPLIST_KEY_LSApplicationCategoryType = "public.app-category.healthcare-fitness";
				INFOPLIST_KEY_UIApplicationSceneManifest_Generation = YES;
				INFOPLIST_KEY_UIApplicationSupportsIndirectInputEvents = YES;
				INFOPLIST_KEY_UILaunchStoryboardName = LaunchScreen;
				INFOPLIST_KEY_UISupportedInterfaceOrientations_iPad = "UIInterfaceOrientationPortrait UIInterfaceOrientationPortraitUpsideDown UIInterfaceOrientationLandscapeLeft UIInterfaceOrientationLandscapeRight";
				INFOPLIST_KEY_UISupportedInterfaceOrientations_iPhone = UIInterfaceOrientationPortrait;
				LD_RUNPATH_SEARCH_PATHS = (
					"$(inherited)",
					"@executable_path/Frameworks",
				);
				PRODUCT_BUNDLE_IDENTIFIER = com.gymbaazi.app;
				SDKROOT = iphoneos;
				TARGETED_DEVICE_FAMILY = "1,2";
			};
			name = Release;
		};
		659C5CDB53861A73836B9FDE /* Debug */ = {
			isa = XCBuildConfiguration;
			buildSettings = {
				ALWAYS_SEARCH_USER_PATHS = NO;
				CLANG_ANALYZER_NONNULL = YES;
				CLANG_ANALYZER_NUMBER_OBJECT_CONVERSION = YES_AGGRESSIVE;
				CLANG_CXX_LANGUAGE_STANDARD = "gnu++14";
				CLANG_CXX_LIBRARY = "libc++";
				CLANG_ENABLE_MODULES = YES;
				CLANG_ENABLE_OBJC_ARC = YES;
				CLANG_ENABLE_OBJC_WEAK = YES;
				CLANG_WARN_BLOCK_CAPTURE_AUTORELEASING = YES;
				CLANG_WARN_BOOL_CONVERSION = YES;
				CLANG_WARN_COMMA = YES;
				CLANG_WARN_CONSTANT_CONVERSION = YES;
				CLANG_WARN_DEPRECATED_OBJC_IMPLEMENTATIONS = YES;
				CLANG_WARN_DIRECT_OBJC_ISA_USAGE = YES_ERROR;
				CLANG_WARN_DOCUMENTATION_COMMENTS = YES;
				CLANG_WARN_EMPTY_BODY = YES;
				CLANG_WARN_ENUM_CONVERSION = YES;
				CLANG_WARN_INFINITE_RECURSION = YES;
				CLANG_WARN_INT_CONVERSION = YES;
				CLANG_WARN_NON_LITERAL_NULL_CONVERSION = YES;
				CLANG_WARN_OBJC_IMPLICIT_RETAIN_SELF = YES;
				CLANG_WARN_OBJC_LITERAL_CONVERSION = YES;
				CLANG_WARN_OBJC_ROOT_CLASS = YES_ERROR;
				CLANG_WARN_QUOTED_INCLUDE_IN_FRAMEWORK_HEADER = YES;
				CLANG_WARN_RANGE_LOOP_ANALYSIS = YES;
				CLANG_WARN_STRICT_PROTOTYPES = YES;
				CLANG_WARN_SUSPICIOUS_MOVE = YES;
				CLANG_WARN_UNGUARDED_AVAILABILITY = YES_AGGRESSIVE;
				CLANG_WARN_UNREACHABLE_CODE = YES;
				CLANG_WARN__DUPLICATE_METHOD_MATCH = YES;
				CODE_SIGN_STYLE = Automatic;
				COPY_PHASE_STRIP = NO;
				CURRENT_PROJECT_VERSION = 1;
				DEBUG_INFORMATION_FORMAT = dwarf;
				DEVELOPMENT_TEAM = "";
				ENABLE_STRICT_OBJC_MSGSEND = YES;
				ENABLE_TESTABILITY = YES;
				GCC_C_LANGUAGE_STANDARD = gnu11;
				GCC_DYNAMIC_NO_PIC = NO;
				GCC_NO_COMMON_BLOCKS = YES;
				GCC_OPTIMIZATION_LEVEL = 0;
				GCC_PREPROCESSOR_DEFINITIONS = (
					"$(inherited)",
					"DEBUG=1",
				);
				GCC_WARN_64_TO_32_BIT_CONVERSION = YES;
				GCC_WARN_ABOUT_RETURN_TYPE = YES_ERROR;
				GCC_WARN_UNDECLARED_SELECTOR = YES;
				GCC_WARN_UNINITIALIZED_AUTOS = YES_AGGRESSIVE;
				GCC_WARN_UNUSED_FUNCTION = YES;
				GCC_WARN_UNUSED_VARIABLE = YES;
				IPHONEOS_DEPLOYMENT_TARGET = 17.0;
				MARKETING_VERSION = 1.2.0;
				MTL_ENABLE_DEBUG_INFO = INCLUDE_SOURCE;
				MTL_FAST_MATH = YES;
				ONLY_ACTIVE_ARCH = YES;
				PRODUCT_NAME = "$(TARGET_NAME)";
				SDKROOT = iphoneos;
				SWIFT_ACTIVE_COMPILATION_CONDITIONS = DEBUG;
				SWIFT_OPTIMIZATION_LEVEL = "-Onone";
				SWIFT_VERSION = 5.9;
			};
			name = Debug;
		};
		8852696A05FFDEB560BA15CB /* Debug */ = {
			isa = XCBuildConfiguration;
			buildSettings = {
				ASSETCATALOG_COMPILER_APPICON_NAME = AppIcon;
				ASSETCATALOG_COMPILER_GLOBAL_ACCENT_COLOR_NAME = AccentColor;
				CODE_SIGN_IDENTITY = "iPhone Developer";
				CURRENT_PROJECT_VERSION = 2;
				DEVELOPMENT_TEAM = NYTQ72PV9X;
				GENERATE_INFOPLIST_FILE = YES;
				INFOPLIST_FILE = GymBaazi/Info.plist;
				INFOPLIST_GENERATION_MODE = GeneratedFile;
				INFOPLIST_KEY_CFBundleDisplayName = "Gym-Baazi";
				INFOPLIST_KEY_LSApplicationCategoryType = "public.app-category.healthcare-fitness";
				INFOPLIST_KEY_UIApplicationSceneManifest_Generation = YES;
				INFOPLIST_KEY_UIApplicationSupportsIndirectInputEvents = YES;
				INFOPLIST_KEY_UILaunchStoryboardName = LaunchScreen;
				INFOPLIST_KEY_UISupportedInterfaceOrientations_iPad = "UIInterfaceOrientationPortrait UIInterfaceOrientationPortraitUpsideDown UIInterfaceOrientationLandscapeLeft UIInterfaceOrientationLandscapeRight";
				INFOPLIST_KEY_UISupportedInterfaceOrientations_iPhone = UIInterfaceOrientationPortrait;
				LD_RUNPATH_SEARCH_PATHS = (
					"$(inherited)",
					"@executable_path/Frameworks",
				);
				PRODUCT_BUNDLE_IDENTIFIER = com.gymbaazi.app;
				SDKROOT = iphoneos;
				TARGETED_DEVICE_FAMILY = "1,2";
			};
			name = Debug;
		};
		B923CEC98380E6FC92603BC5 /* Release */ = {
			isa = XCBuildConfiguration;
			buildSettings = {
				ALWAYS_SEARCH_USER_PATHS = NO;
				CLANG_ANALYZER_NONNULL = YES;
				CLANG_ANALYZER_NUMBER_OBJECT_CONVERSION = YES_AGGRESSIVE;
				CLANG_CXX_LANGUAGE_STANDARD = "gnu++14";
				CLANG_CXX_LIBRARY = "libc++";
				CLANG_ENABLE_MODULES = YES;
				CLANG_ENABLE_OBJC_ARC = YES;
				CLANG_ENABLE_OBJC_WEAK = YES;
				CLANG_WARN_BLOCK_CAPTURE_AUTORELEASING = YES;
				CLANG_WARN_BOOL_CONVERSION = YES;
				CLANG_WARN_COMMA = YES;
				CLANG_WARN_CONSTANT_CONVERSION = YES;
				CLANG_WARN_DEPRECATED_OBJC_IMPLEMENTATIONS = YES;
				CLANG_WARN_DIRECT_OBJC_ISA_USAGE = YES_ERROR;
				CLANG_WARN_DOCUMENTATION_COMMENTS = YES;
				CLANG_WARN_EMPTY_BODY = YES;
				CLANG_WARN_ENUM_CONVERSION = YES;
				CLANG_WARN_INFINITE_RECURSION = YES;
				CLANG_WARN_INT_CONVERSION = YES;
				CLANG_WARN_NON_LITERAL_NULL_CONVERSION = YES;
				CLANG_WARN_OBJC_IMPLICIT_RETAIN_SELF = YES;
				CLANG_WARN_OBJC_LITERAL_CONVERSION = YES;
				CLANG_WARN_OBJC_ROOT_CLASS = YES_ERROR;
				CLANG_WARN_QUOTED_INCLUDE_IN_FRAMEWORK_HEADER = YES;
				CLANG_WARN_RANGE_LOOP_ANALYSIS = YES;
				CLANG_WARN_STRICT_PROTOTYPES = YES;
				CLANG_WARN_SUSPICIOUS_MOVE = YES;
				CLANG_WARN_UNGUARDED_AVAILABILITY = YES_AGGRESSIVE;
				CLANG_WARN_UNREACHABLE_CODE = YES;
				CLANG_WARN__DUPLICATE_METHOD_MATCH = YES;
				CODE_SIGN_STYLE = Automatic;
				COPY_PHASE_STRIP = NO;
				CURRENT_PROJECT_VERSION = 1;
				DEBUG_INFORMATION_FORMAT = "dwarf-with-dsym";
				DEVELOPMENT_TEAM = "";
				ENABLE_NS_ASSERTIONS = NO;
				ENABLE_STRICT_OBJC_MSGSEND = YES;
				GCC_C_LANGUAGE_STANDARD = gnu11;
				GCC_NO_COMMON_BLOCKS = YES;
				GCC_WARN_64_TO_32_BIT_CONVERSION = YES;
				GCC_WARN_ABOUT_RETURN_TYPE = YES_ERROR;
				GCC_WARN_UNDECLARED_SELECTOR = YES;
				GCC_WARN_UNINITIALIZED_AUTOS = YES_AGGRESSIVE;
				GCC_WARN_UNUSED_FUNCTION = YES;
				GCC_WARN_UNUSED_VARIABLE = YES;
				IPHONEOS_DEPLOYMENT_TARGET = 17.0;
				MARKETING_VERSION = 1.2.0;
				MTL_ENABLE_DEBUG_INFO = NO;
				MTL_FAST_MATH = YES;
				PRODUCT_NAME = "$(TARGET_NAME)";
				SDKROOT = iphoneos;
				SWIFT_COMPILATION_MODE = wholemodule;
				SWIFT_OPTIMIZATION_LEVEL = "-O";
				SWIFT_VERSION = 5.9;
			};
			name = Release;
		};
/* End XCBuildConfiguration section */

/* Begin XCConfigurationList section */
		32BA84E38CCF570F0E692B71 /* Build configuration list for PBXProject "GymBaazi" */ = {
			isa = XCConfigurationList;
			buildConfigurations = (
				659C5CDB53861A73836B9FDE /* Debug */,
				B923CEC98380E6FC92603BC5 /* Release */,
			);
			defaultConfigurationIsVisible = 0;
			defaultConfigurationName = Debug;
		};
		A2702C828FF5FA773FEDAAE5 /* Build configuration list for PBXNativeTarget "GymBaazi" */ = {
			isa = XCConfigurationList;
			buildConfigurations = (
				8852696A05FFDEB560BA15CB /* Debug */,
				009C0CB0DE4EC8D0EEB1DD0F /* Release */,
			);
			defaultConfigurationIsVisible = 0;
			defaultConfigurationName = Debug;
		};
/* End XCConfigurationList section */
	};
	rootObject = 1EA031D8A93C42C3ED81D34E /* Project object */;
}
